// !$*UTF8*$!
{
	archiveVersion = 1;
	classes = {
	};
	objectVersion = 51;
	objects = {

/* Begin PBXBuildFile section */
		48671A3BB96FC7D684A8D90E /* Pods_OSC.framework in Frameworks */ = {isa = PBXBuildFile; fileRef = 6A5E7AD31306950BADFD1882 /* Pods_OSC.framework */; };
		5E1ECD8B228A62A300327B2F /* ForgotPasswordPresenter.swift in Sources */ = {isa = PBXBuildFile; fileRef = 5E1ECD85228A62A300327B2F /* ForgotPasswordPresenter.swift */; };
		5E1ECD8C228A62A300327B2F /* ForgotPasswordWorker.swift in Sources */ = {isa = PBXBuildFile; fileRef = 5E1ECD86228A62A300327B2F /* ForgotPasswordWorker.swift */; };
		5E1ECD8D228A62A300327B2F /* ForgotPasswordRouter.swift in Sources */ = {isa = PBXBuildFile; fileRef = 5E1ECD87228A62A300327B2F /* ForgotPasswordRouter.swift */; };
		5E1ECD8E228A62A300327B2F /* ForgotPasswordModels.swift in Sources */ = {isa = PBXBuildFile; fileRef = 5E1ECD88228A62A300327B2F /* ForgotPasswordModels.swift */; };
		5E1ECD8F228A62A300327B2F /* ForgotPasswordViewController.swift in Sources */ = {isa = PBXBuildFile; fileRef = 5E1ECD89228A62A300327B2F /* ForgotPasswordViewController.swift */; };
		5E1ECD90228A62A300327B2F /* ForgotPasswordInteractor.swift in Sources */ = {isa = PBXBuildFile; fileRef = 5E1ECD8A228A62A300327B2F /* ForgotPasswordInteractor.swift */; };
		5E324207227A8B5900DDBA2F /* Config.swift in Sources */ = {isa = PBXBuildFile; fileRef = 5E324206227A8B5900DDBA2F /* Config.swift */; };
		5E7CFA9B22891295000A2C53 /* HomePresenter.swift in Sources */ = {isa = PBXBuildFile; fileRef = 5E7CFA9522891295000A2C53 /* HomePresenter.swift */; };
		5E7CFA9C22891295000A2C53 /* HomeWorker.swift in Sources */ = {isa = PBXBuildFile; fileRef = 5E7CFA9622891295000A2C53 /* HomeWorker.swift */; };
		5E7CFA9D22891295000A2C53 /* HomeRouter.swift in Sources */ = {isa = PBXBuildFile; fileRef = 5E7CFA9722891295000A2C53 /* HomeRouter.swift */; };
		5E7CFA9E22891295000A2C53 /* HomeModels.swift in Sources */ = {isa = PBXBuildFile; fileRef = 5E7CFA9822891295000A2C53 /* HomeModels.swift */; };
		5E7CFA9F22891295000A2C53 /* HomeViewController.swift in Sources */ = {isa = PBXBuildFile; fileRef = 5E7CFA9922891295000A2C53 /* HomeViewController.swift */; };
		5E7CFAA022891295000A2C53 /* HomeInteractor.swift in Sources */ = {isa = PBXBuildFile; fileRef = 5E7CFA9A22891295000A2C53 /* HomeInteractor.swift */; };
		5E7CFAAF2289260D000A2C53 /* TabViewController.swift in Sources */ = {isa = PBXBuildFile; fileRef = 5E7CFAAE2289260D000A2C53 /* TabViewController.swift */; };
		5E7CFAB622893FB8000A2C53 /* osc.xcdatamodeld in Sources */ = {isa = PBXBuildFile; fileRef = 5E7CFAB422893FB8000A2C53 /* osc.xcdatamodeld */; };
		5EABF90222700065007FE532 /* AppDelegate.swift in Sources */ = {isa = PBXBuildFile; fileRef = 5EABF90122700065007FE532 /* AppDelegate.swift */; };
		5EABF90722700065007FE532 /* Main.storyboard in Resources */ = {isa = PBXBuildFile; fileRef = 5EABF90522700065007FE532 /* Main.storyboard */; };
		5EABF90922700067007FE532 /* Assets.xcassets in Resources */ = {isa = PBXBuildFile; fileRef = 5EABF90822700067007FE532 /* Assets.xcassets */; };
		5EABF90C22700067007FE532 /* LaunchScreen.storyboard in Resources */ = {isa = PBXBuildFile; fileRef = 5EABF90A22700067007FE532 /* LaunchScreen.storyboard */; };
		5EABF91722700067007FE532 /* OSCTests.swift in Sources */ = {isa = PBXBuildFile; fileRef = 5EABF91622700067007FE532 /* OSCTests.swift */; };
		5EABF92222700067007FE532 /* OSCUITests.swift in Sources */ = {isa = PBXBuildFile; fileRef = 5EABF92122700067007FE532 /* OSCUITests.swift */; };
		5EB96C45228129DC00786655 /* LoginPresenter.swift in Sources */ = {isa = PBXBuildFile; fileRef = 5EB96C3F228129DC00786655 /* LoginPresenter.swift */; };
		5EB96C46228129DC00786655 /* LoginWorker.swift in Sources */ = {isa = PBXBuildFile; fileRef = 5EB96C40228129DC00786655 /* LoginWorker.swift */; };
		5EB96C47228129DC00786655 /* LoginRouter.swift in Sources */ = {isa = PBXBuildFile; fileRef = 5EB96C41228129DC00786655 /* LoginRouter.swift */; };
		5EB96C48228129DC00786655 /* LoginModels.swift in Sources */ = {isa = PBXBuildFile; fileRef = 5EB96C42228129DC00786655 /* LoginModels.swift */; };
		5EB96C49228129DC00786655 /* LoginViewController.swift in Sources */ = {isa = PBXBuildFile; fileRef = 5EB96C43228129DC00786655 /* LoginViewController.swift */; };
		5EB96C4A228129DC00786655 /* LoginInteractor.swift in Sources */ = {isa = PBXBuildFile; fileRef = 5EB96C44228129DC00786655 /* LoginInteractor.swift */; };
		5EB96C52228129F600786655 /* RegisterPresenter.swift in Sources */ = {isa = PBXBuildFile; fileRef = 5EB96C4C228129F600786655 /* RegisterPresenter.swift */; };
		5EB96C53228129F600786655 /* RegisterWorker.swift in Sources */ = {isa = PBXBuildFile; fileRef = 5EB96C4D228129F600786655 /* RegisterWorker.swift */; };
		5EB96C54228129F600786655 /* RegisterRouter.swift in Sources */ = {isa = PBXBuildFile; fileRef = 5EB96C4E228129F600786655 /* RegisterRouter.swift */; };
		5EB96C55228129F600786655 /* RegisterModels.swift in Sources */ = {isa = PBXBuildFile; fileRef = 5EB96C4F228129F600786655 /* RegisterModels.swift */; };
		5EB96C56228129F600786655 /* RegisterViewController.swift in Sources */ = {isa = PBXBuildFile; fileRef = 5EB96C50228129F600786655 /* RegisterViewController.swift */; };
		5EB96C57228129F600786655 /* RegisterInteractor.swift in Sources */ = {isa = PBXBuildFile; fileRef = 5EB96C51228129F600786655 /* RegisterInteractor.swift */; };
		631C52E822C3260500854C8E /* ProductCellTableViewCell.swift in Sources */ = {isa = PBXBuildFile; fileRef = 631C52E722C3260500854C8E /* ProductCellTableViewCell.swift */; };
		632152EF22C5BC34002DCCA2 /* UIButtonActivity.swift in Sources */ = {isa = PBXBuildFile; fileRef = 632152EE22C5BC34002DCCA2 /* UIButtonActivity.swift */; };
		632152F122C5C444002DCCA2 /* background.jpg in Resources */ = {isa = PBXBuildFile; fileRef = 632152F022C5C444002DCCA2 /* background.jpg */; };
		632152F322C5F7FB002DCCA2 /* LoginView.swift in Sources */ = {isa = PBXBuildFile; fileRef = 632152F222C5F7FB002DCCA2 /* LoginView.swift */; };
		632CD3BC229BBDFD00E9D352 /* CategoryPresenter.swift in Sources */ = {isa = PBXBuildFile; fileRef = 632CD3B6229BBDFD00E9D352 /* CategoryPresenter.swift */; };
		632CD3BD229BBDFD00E9D352 /* CategoryWorker.swift in Sources */ = {isa = PBXBuildFile; fileRef = 632CD3B7229BBDFD00E9D352 /* CategoryWorker.swift */; };
		632CD3BE229BBDFD00E9D352 /* CategoryRouter.swift in Sources */ = {isa = PBXBuildFile; fileRef = 632CD3B8229BBDFD00E9D352 /* CategoryRouter.swift */; };
		632CD3BF229BBDFD00E9D352 /* CategoryModels.swift in Sources */ = {isa = PBXBuildFile; fileRef = 632CD3B9229BBDFD00E9D352 /* CategoryModels.swift */; };
		632CD3C0229BBDFD00E9D352 /* CategoryViewController.swift in Sources */ = {isa = PBXBuildFile; fileRef = 632CD3BA229BBDFD00E9D352 /* CategoryViewController.swift */; };
		632CD3C1229BBDFD00E9D352 /* CategoryInteractor.swift in Sources */ = {isa = PBXBuildFile; fileRef = 632CD3BB229BBDFD00E9D352 /* CategoryInteractor.swift */; };
		6332D73022C1F65E0077EEF7 /* ProductPresenter.swift in Sources */ = {isa = PBXBuildFile; fileRef = 6332D72A22C1F65E0077EEF7 /* ProductPresenter.swift */; };
		6332D73122C1F65E0077EEF7 /* ProductWorker.swift in Sources */ = {isa = PBXBuildFile; fileRef = 6332D72B22C1F65E0077EEF7 /* ProductWorker.swift */; };
		6332D73222C1F65E0077EEF7 /* ProductRouter.swift in Sources */ = {isa = PBXBuildFile; fileRef = 6332D72C22C1F65E0077EEF7 /* ProductRouter.swift */; };
		6332D73322C1F65E0077EEF7 /* ProductModels.swift in Sources */ = {isa = PBXBuildFile; fileRef = 6332D72D22C1F65E0077EEF7 /* ProductModels.swift */; };
		6332D73422C1F65E0077EEF7 /* ProductViewController.swift in Sources */ = {isa = PBXBuildFile; fileRef = 6332D72E22C1F65E0077EEF7 /* ProductViewController.swift */; };
		6332D73522C1F65E0077EEF7 /* ProductInteractor.swift in Sources */ = {isa = PBXBuildFile; fileRef = 6332D72F22C1F65E0077EEF7 /* ProductInteractor.swift */; };
		6332D73822C216A00077EEF7 /* BaseWorker.swift in Sources */ = {isa = PBXBuildFile; fileRef = 6332D73722C216A00077EEF7 /* BaseWorker.swift */; };
		6338FA7B22BC8E8800C1A29C /* ClientAuth.swift in Sources */ = {isa = PBXBuildFile; fileRef = 6338FA7A22BC8E8800C1A29C /* ClientAuth.swift */; };
		63421F3C22C49EC40001B95D /* noimage.jpg in Resources */ = {isa = PBXBuildFile; fileRef = 63421F3B22C49EC40001B95D /* noimage.jpg */; };
		63697B4122B88C4700BC2523 /* Util.swift in Sources */ = {isa = PBXBuildFile; fileRef = 63697B4022B88C4700BC2523 /* Util.swift */; };
/* End PBXBuildFile section */

/* Begin PBXContainerItemProxy section */
		5EABF91322700067007FE532 /* PBXContainerItemProxy */ = {
			isa = PBXContainerItemProxy;
			containerPortal = 5EABF8F622700065007FE532 /* Project object */;
			proxyType = 1;
			remoteGlobalIDString = 5EABF8FD22700065007FE532;
			remoteInfo = OSC;
		};
		5EABF91E22700067007FE532 /* PBXContainerItemProxy */ = {
			isa = PBXContainerItemProxy;
			containerPortal = 5EABF8F622700065007FE532 /* Project object */;
			proxyType = 1;
			remoteGlobalIDString = 5EABF8FD22700065007FE532;
			remoteInfo = OSC;
		};
/* End PBXContainerItemProxy section */

/* Begin PBXFileReference section */
		29D45D1438DA7A80658E83A7 /* Pods-OSC.release.xcconfig */ = {isa = PBXFileReference; includeInIndex = 1; lastKnownFileType = text.xcconfig; name = "Pods-OSC.release.xcconfig"; path = "Target Support Files/Pods-OSC/Pods-OSC.release.xcconfig"; sourceTree = "<group>"; };
		5B0FBC59E879852F01E992EB /* Pods-OSC.debug.xcconfig */ = {isa = PBXFileReference; includeInIndex = 1; lastKnownFileType = text.xcconfig; name = "Pods-OSC.debug.xcconfig"; path = "Target Support Files/Pods-OSC/Pods-OSC.debug.xcconfig"; sourceTree = "<group>"; };
		5E1ECD85228A62A300327B2F /* ForgotPasswordPresenter.swift */ = {isa = PBXFileReference; lastKnownFileType = sourcecode.swift; path = ForgotPasswordPresenter.swift; sourceTree = "<group>"; };
		5E1ECD86228A62A300327B2F /* ForgotPasswordWorker.swift */ = {isa = PBXFileReference; lastKnownFileType = sourcecode.swift; path = ForgotPasswordWorker.swift; sourceTree = "<group>"; };
		5E1ECD87228A62A300327B2F /* ForgotPasswordRouter.swift */ = {isa = PBXFileReference; lastKnownFileType = sourcecode.swift; path = ForgotPasswordRouter.swift; sourceTree = "<group>"; };
		5E1ECD88228A62A300327B2F /* ForgotPasswordModels.swift */ = {isa = PBXFileReference; lastKnownFileType = sourcecode.swift; path = ForgotPasswordModels.swift; sourceTree = "<group>"; };
		5E1ECD89228A62A300327B2F /* ForgotPasswordViewController.swift */ = {isa = PBXFileReference; lastKnownFileType = sourcecode.swift; path = ForgotPasswordViewController.swift; sourceTree = "<group>"; };
		5E1ECD8A228A62A300327B2F /* ForgotPasswordInteractor.swift */ = {isa = PBXFileReference; lastKnownFileType = sourcecode.swift; path = ForgotPasswordInteractor.swift; sourceTree = "<group>"; };
		5E324206227A8B5900DDBA2F /* Config.swift */ = {isa = PBXFileReference; lastKnownFileType = sourcecode.swift; path = Config.swift; sourceTree = "<group>"; };
		5E7CFA9522891295000A2C53 /* HomePresenter.swift */ = {isa = PBXFileReference; lastKnownFileType = sourcecode.swift; path = HomePresenter.swift; sourceTree = "<group>"; };
		5E7CFA9622891295000A2C53 /* HomeWorker.swift */ = {isa = PBXFileReference; lastKnownFileType = sourcecode.swift; path = HomeWorker.swift; sourceTree = "<group>"; };
		5E7CFA9722891295000A2C53 /* HomeRouter.swift */ = {isa = PBXFileReference; lastKnownFileType = sourcecode.swift; path = HomeRouter.swift; sourceTree = "<group>"; };
		5E7CFA9822891295000A2C53 /* HomeModels.swift */ = {isa = PBXFileReference; lastKnownFileType = sourcecode.swift; path = HomeModels.swift; sourceTree = "<group>"; };
		5E7CFA9922891295000A2C53 /* HomeViewController.swift */ = {isa = PBXFileReference; lastKnownFileType = sourcecode.swift; path = HomeViewController.swift; sourceTree = "<group>"; };
		5E7CFA9A22891295000A2C53 /* HomeInteractor.swift */ = {isa = PBXFileReference; lastKnownFileType = sourcecode.swift; path = HomeInteractor.swift; sourceTree = "<group>"; };
		5E7CFAAE2289260D000A2C53 /* TabViewController.swift */ = {isa = PBXFileReference; lastKnownFileType = sourcecode.swift; path = TabViewController.swift; sourceTree = "<group>"; };
		5E7CFAB522893FB8000A2C53 /* osc.xcdatamodel */ = {isa = PBXFileReference; lastKnownFileType = wrapper.xcdatamodel; path = osc.xcdatamodel; sourceTree = "<group>"; };
		5EABF8FE22700065007FE532 /* OSC.app */ = {isa = PBXFileReference; explicitFileType = wrapper.application; includeInIndex = 0; path = OSC.app; sourceTree = BUILT_PRODUCTS_DIR; };
		5EABF90122700065007FE532 /* AppDelegate.swift */ = {isa = PBXFileReference; lastKnownFileType = sourcecode.swift; path = AppDelegate.swift; sourceTree = "<group>"; };
		5EABF90622700065007FE532 /* Base */ = {isa = PBXFileReference; lastKnownFileType = file.storyboard; name = Base; path = Base.lproj/Main.storyboard; sourceTree = "<group>"; };
		5EABF90822700067007FE532 /* Assets.xcassets */ = {isa = PBXFileReference; lastKnownFileType = folder.assetcatalog; path = Assets.xcassets; sourceTree = "<group>"; };
		5EABF90B22700067007FE532 /* Base */ = {isa = PBXFileReference; lastKnownFileType = file.storyboard; name = Base; path = Base.lproj/LaunchScreen.storyboard; sourceTree = "<group>"; };
		5EABF90D22700067007FE532 /* Info.plist */ = {isa = PBXFileReference; lastKnownFileType = text.plist.xml; path = Info.plist; sourceTree = "<group>"; };
		5EABF91222700067007FE532 /* OSCTests.xctest */ = {isa = PBXFileReference; explicitFileType = wrapper.cfbundle; includeInIndex = 0; path = OSCTests.xctest; sourceTree = BUILT_PRODUCTS_DIR; };
		5EABF91622700067007FE532 /* OSCTests.swift */ = {isa = PBXFileReference; lastKnownFileType = sourcecode.swift; path = OSCTests.swift; sourceTree = "<group>"; };
		5EABF91822700067007FE532 /* Info.plist */ = {isa = PBXFileReference; lastKnownFileType = text.plist.xml; path = Info.plist; sourceTree = "<group>"; };
		5EABF91D22700067007FE532 /* OSCUITests.xctest */ = {isa = PBXFileReference; explicitFileType = wrapper.cfbundle; includeInIndex = 0; path = OSCUITests.xctest; sourceTree = BUILT_PRODUCTS_DIR; };
		5EABF92122700067007FE532 /* OSCUITests.swift */ = {isa = PBXFileReference; lastKnownFileType = sourcecode.swift; path = OSCUITests.swift; sourceTree = "<group>"; };
		5EABF92322700067007FE532 /* Info.plist */ = {isa = PBXFileReference; lastKnownFileType = text.plist.xml; path = Info.plist; sourceTree = "<group>"; };
		5EB96C3F228129DC00786655 /* LoginPresenter.swift */ = {isa = PBXFileReference; lastKnownFileType = sourcecode.swift; path = LoginPresenter.swift; sourceTree = "<group>"; };
		5EB96C40228129DC00786655 /* LoginWorker.swift */ = {isa = PBXFileReference; lastKnownFileType = sourcecode.swift; path = LoginWorker.swift; sourceTree = "<group>"; };
		5EB96C41228129DC00786655 /* LoginRouter.swift */ = {isa = PBXFileReference; lastKnownFileType = sourcecode.swift; path = LoginRouter.swift; sourceTree = "<group>"; };
		5EB96C42228129DC00786655 /* LoginModels.swift */ = {isa = PBXFileReference; lastKnownFileType = sourcecode.swift; path = LoginModels.swift; sourceTree = "<group>"; };
		5EB96C43228129DC00786655 /* LoginViewController.swift */ = {isa = PBXFileReference; lastKnownFileType = sourcecode.swift; path = LoginViewController.swift; sourceTree = "<group>"; };
		5EB96C44228129DC00786655 /* LoginInteractor.swift */ = {isa = PBXFileReference; lastKnownFileType = sourcecode.swift; path = LoginInteractor.swift; sourceTree = "<group>"; };
		5EB96C4C228129F600786655 /* RegisterPresenter.swift */ = {isa = PBXFileReference; lastKnownFileType = sourcecode.swift; path = RegisterPresenter.swift; sourceTree = "<group>"; };
		5EB96C4D228129F600786655 /* RegisterWorker.swift */ = {isa = PBXFileReference; lastKnownFileType = sourcecode.swift; path = RegisterWorker.swift; sourceTree = "<group>"; };
		5EB96C4E228129F600786655 /* RegisterRouter.swift */ = {isa = PBXFileReference; lastKnownFileType = sourcecode.swift; path = RegisterRouter.swift; sourceTree = "<group>"; };
		5EB96C4F228129F600786655 /* RegisterModels.swift */ = {isa = PBXFileReference; lastKnownFileType = sourcecode.swift; path = RegisterModels.swift; sourceTree = "<group>"; };
		5EB96C50228129F600786655 /* RegisterViewController.swift */ = {isa = PBXFileReference; lastKnownFileType = sourcecode.swift; path = RegisterViewController.swift; sourceTree = "<group>"; };
		5EB96C51228129F600786655 /* RegisterInteractor.swift */ = {isa = PBXFileReference; lastKnownFileType = sourcecode.swift; path = RegisterInteractor.swift; sourceTree = "<group>"; };
		631C52E722C3260500854C8E /* ProductCellTableViewCell.swift */ = {isa = PBXFileReference; lastKnownFileType = sourcecode.swift; path = ProductCellTableViewCell.swift; sourceTree = "<group>"; };
		632152EE22C5BC34002DCCA2 /* UIButtonActivity.swift */ = {isa = PBXFileReference; lastKnownFileType = sourcecode.swift; path = UIButtonActivity.swift; sourceTree = "<group>"; };
		632152F022C5C444002DCCA2 /* background.jpg */ = {isa = PBXFileReference; lastKnownFileType = image.jpeg; path = background.jpg; sourceTree = "<group>"; };
		632152F222C5F7FB002DCCA2 /* LoginView.swift */ = {isa = PBXFileReference; lastKnownFileType = sourcecode.swift; path = LoginView.swift; sourceTree = "<group>"; };
		632CD3B6229BBDFD00E9D352 /* CategoryPresenter.swift */ = {isa = PBXFileReference; lastKnownFileType = sourcecode.swift; path = CategoryPresenter.swift; sourceTree = "<group>"; };
		632CD3B7229BBDFD00E9D352 /* CategoryWorker.swift */ = {isa = PBXFileReference; lastKnownFileType = sourcecode.swift; path = CategoryWorker.swift; sourceTree = "<group>"; };
		632CD3B8229BBDFD00E9D352 /* CategoryRouter.swift */ = {isa = PBXFileReference; lastKnownFileType = sourcecode.swift; path = CategoryRouter.swift; sourceTree = "<group>"; };
		632CD3B9229BBDFD00E9D352 /* CategoryModels.swift */ = {isa = PBXFileReference; lastKnownFileType = sourcecode.swift; path = CategoryModels.swift; sourceTree = "<group>"; };
		632CD3BA229BBDFD00E9D352 /* CategoryViewController.swift */ = {isa = PBXFileReference; lastKnownFileType = sourcecode.swift; path = CategoryViewController.swift; sourceTree = "<group>"; };
		632CD3BB229BBDFD00E9D352 /* CategoryInteractor.swift */ = {isa = PBXFileReference; lastKnownFileType = sourcecode.swift; path = CategoryInteractor.swift; sourceTree = "<group>"; };
		6332D72A22C1F65E0077EEF7 /* ProductPresenter.swift */ = {isa = PBXFileReference; lastKnownFileType = sourcecode.swift; path = ProductPresenter.swift; sourceTree = "<group>"; };
		6332D72B22C1F65E0077EEF7 /* ProductWorker.swift */ = {isa = PBXFileReference; lastKnownFileType = sourcecode.swift; path = ProductWorker.swift; sourceTree = "<group>"; };
		6332D72C22C1F65E0077EEF7 /* ProductRouter.swift */ = {isa = PBXFileReference; lastKnownFileType = sourcecode.swift; path = ProductRouter.swift; sourceTree = "<group>"; };
		6332D72D22C1F65E0077EEF7 /* ProductModels.swift */ = {isa = PBXFileReference; lastKnownFileType = sourcecode.swift; path = ProductModels.swift; sourceTree = "<group>"; };
		6332D72E22C1F65E0077EEF7 /* ProductViewController.swift */ = {isa = PBXFileReference; lastKnownFileType = sourcecode.swift; path = ProductViewController.swift; sourceTree = "<group>"; };
		6332D72F22C1F65E0077EEF7 /* ProductInteractor.swift */ = {isa = PBXFileReference; lastKnownFileType = sourcecode.swift; path = ProductInteractor.swift; sourceTree = "<group>"; };
		6332D73722C216A00077EEF7 /* BaseWorker.swift */ = {isa = PBXFileReference; lastKnownFileType = sourcecode.swift; path = BaseWorker.swift; sourceTree = "<group>"; };
		6338FA7A22BC8E8800C1A29C /* ClientAuth.swift */ = {isa = PBXFileReference; lastKnownFileType = sourcecode.swift; path = ClientAuth.swift; sourceTree = "<group>"; };
		63421F3B22C49EC40001B95D /* noimage.jpg */ = {isa = PBXFileReference; lastKnownFileType = image.jpeg; path = noimage.jpg; sourceTree = "<group>"; };
		63697B4022B88C4700BC2523 /* Util.swift */ = {isa = PBXFileReference; lastKnownFileType = sourcecode.swift; path = Util.swift; sourceTree = "<group>"; };
		6A5E7AD31306950BADFD1882 /* Pods_OSC.framework */ = {isa = PBXFileReference; explicitFileType = wrapper.framework; includeInIndex = 0; path = Pods_OSC.framework; sourceTree = BUILT_PRODUCTS_DIR; };
/* End PBXFileReference section */

/* Begin PBXFrameworksBuildPhase section */
		5EABF8FB22700065007FE532 /* Frameworks */ = {
			isa = PBXFrameworksBuildPhase;
			buildActionMask = 2147483647;
			files = (
				48671A3BB96FC7D684A8D90E /* Pods_OSC.framework in Frameworks */,
			);
			runOnlyForDeploymentPostprocessing = 0;
		};
		5EABF90F22700067007FE532 /* Frameworks */ = {
			isa = PBXFrameworksBuildPhase;
			buildActionMask = 2147483647;
			files = (
			);
			runOnlyForDeploymentPostprocessing = 0;
		};
		5EABF91A22700067007FE532 /* Frameworks */ = {
			isa = PBXFrameworksBuildPhase;
			buildActionMask = 2147483647;
			files = (
			);
			runOnlyForDeploymentPostprocessing = 0;
		};
/* End PBXFrameworksBuildPhase section */

/* Begin PBXGroup section */
		5E1ECD84228A628800327B2F /* ForgotPassword */ = {
			isa = PBXGroup;
			children = (
				5E1ECD85228A62A300327B2F /* ForgotPasswordPresenter.swift */,
				5E1ECD86228A62A300327B2F /* ForgotPasswordWorker.swift */,
				5E1ECD87228A62A300327B2F /* ForgotPasswordRouter.swift */,
				5E1ECD88228A62A300327B2F /* ForgotPasswordModels.swift */,
				5E1ECD89228A62A300327B2F /* ForgotPasswordViewController.swift */,
				5E1ECD8A228A62A300327B2F /* ForgotPasswordInteractor.swift */,
			);
			path = ForgotPassword;
			sourceTree = "<group>";
		};
		5E7CFA942289127A000A2C53 /* Home */ = {
			isa = PBXGroup;
			children = (
				5E7CFA9522891295000A2C53 /* HomePresenter.swift */,
				5E7CFA9622891295000A2C53 /* HomeWorker.swift */,
				5E7CFA9722891295000A2C53 /* HomeRouter.swift */,
				5E7CFA9822891295000A2C53 /* HomeModels.swift */,
				5E7CFA9922891295000A2C53 /* HomeViewController.swift */,
				5E7CFA9A22891295000A2C53 /* HomeInteractor.swift */,
			);
			path = Home;
			sourceTree = "<group>";
		};
		5E7CFAA1228920AE000A2C53 /* Tab */ = {
			isa = PBXGroup;
			children = (
				5E7CFAAE2289260D000A2C53 /* TabViewController.swift */,
			);
			path = Tab;
			sourceTree = "<group>";
		};
		5E7CFAB022893F4D000A2C53 /* CoreData */ = {
			isa = PBXGroup;
			children = (
				5E7CFAB422893FB8000A2C53 /* osc.xcdatamodeld */,
			);
			path = CoreData;
			sourceTree = "<group>";
		};
		5EABF8F522700065007FE532 = {
			isa = PBXGroup;
			children = (
				5EABF90022700065007FE532 /* OSC */,
				5EABF91522700067007FE532 /* OSCTests */,
				5EABF92022700067007FE532 /* OSCUITests */,
				5EABF8FF22700065007FE532 /* Products */,
				969DF6E4BF826BB1EB9681AF /* Pods */,
				7E89ADF0F6BB0A86920BB667 /* Frameworks */,
			);
			sourceTree = "<group>";
		};
		5EABF8FF22700065007FE532 /* Products */ = {
			isa = PBXGroup;
			children = (
				5EABF8FE22700065007FE532 /* OSC.app */,
				5EABF91222700067007FE532 /* OSCTests.xctest */,
				5EABF91D22700067007FE532 /* OSCUITests.xctest */,
			);
			name = Products;
			sourceTree = "<group>";
		};
		5EABF90022700065007FE532 /* OSC */ = {
			isa = PBXGroup;
			children = (
				632152ED22C5BC01002DCCA2 /* View */,
				63421F3922C49E9E0001B95D /* Assets */,
				6332D73622C2168E0077EEF7 /* Base */,
				6332D72922C1F4AA0077EEF7 /* Product */,
				6338FA7922BC8E4000C1A29C /* Auth */,
				63697B3F22B88C2300BC2523 /* Util */,
				632CD3B5229BBB4200E9D352 /* Category */,
				5E1ECD84228A628800327B2F /* ForgotPassword */,
				5E7CFAB022893F4D000A2C53 /* CoreData */,
				5E7CFAA1228920AE000A2C53 /* Tab */,
				5E7CFA942289127A000A2C53 /* Home */,
				5EB96C4B228129E400786655 /* Register */,
				5EB96C3E228129C600786655 /* Login */,
				5EABF90122700065007FE532 /* AppDelegate.swift */,
				5EABF90522700065007FE532 /* Main.storyboard */,
				5EABF90822700067007FE532 /* Assets.xcassets */,
				5EABF90A22700067007FE532 /* LaunchScreen.storyboard */,
				5EABF90D22700067007FE532 /* Info.plist */,
				5E324206227A8B5900DDBA2F /* Config.swift */,
			);
			path = OSC;
			sourceTree = "<group>";
		};
		5EABF91522700067007FE532 /* OSCTests */ = {
			isa = PBXGroup;
			children = (
				5EABF91622700067007FE532 /* OSCTests.swift */,
				5EABF91822700067007FE532 /* Info.plist */,
			);
			path = OSCTests;
			sourceTree = "<group>";
		};
		5EABF92022700067007FE532 /* OSCUITests */ = {
			isa = PBXGroup;
			children = (
				5EABF92122700067007FE532 /* OSCUITests.swift */,
				5EABF92322700067007FE532 /* Info.plist */,
			);
			path = OSCUITests;
			sourceTree = "<group>";
		};
		5EB96C3E228129C600786655 /* Login */ = {
			isa = PBXGroup;
			children = (
				5EB96C3F228129DC00786655 /* LoginPresenter.swift */,
				5EB96C40228129DC00786655 /* LoginWorker.swift */,
				5EB96C41228129DC00786655 /* LoginRouter.swift */,
				5EB96C42228129DC00786655 /* LoginModels.swift */,
				5EB96C43228129DC00786655 /* LoginViewController.swift */,
				5EB96C44228129DC00786655 /* LoginInteractor.swift */,
				632152F222C5F7FB002DCCA2 /* LoginView.swift */,
			);
			path = Login;
			sourceTree = "<group>";
		};
		5EB96C4B228129E400786655 /* Register */ = {
			isa = PBXGroup;
			children = (
				5EB96C4C228129F600786655 /* RegisterPresenter.swift */,
				5EB96C4D228129F600786655 /* RegisterWorker.swift */,
				5EB96C4E228129F600786655 /* RegisterRouter.swift */,
				5EB96C4F228129F600786655 /* RegisterModels.swift */,
				5EB96C50228129F600786655 /* RegisterViewController.swift */,
				5EB96C51228129F600786655 /* RegisterInteractor.swift */,
			);
			path = Register;
			sourceTree = "<group>";
		};
		632152ED22C5BC01002DCCA2 /* View */ = {
			isa = PBXGroup;
			children = (
				632152EE22C5BC34002DCCA2 /* UIButtonActivity.swift */,
			);
			path = View;
			sourceTree = "<group>";
		};
		632CD3B5229BBB4200E9D352 /* Category */ = {
			isa = PBXGroup;
			children = (
				632CD3B6229BBDFD00E9D352 /* CategoryPresenter.swift */,
				632CD3B7229BBDFD00E9D352 /* CategoryWorker.swift */,
				632CD3B8229BBDFD00E9D352 /* CategoryRouter.swift */,
				632CD3B9229BBDFD00E9D352 /* CategoryModels.swift */,
				632CD3BA229BBDFD00E9D352 /* CategoryViewController.swift */,
				632CD3BB229BBDFD00E9D352 /* CategoryInteractor.swift */,
			);
			path = Category;
			sourceTree = "<group>";
		};
		6332D72922C1F4AA0077EEF7 /* Product */ = {
			isa = PBXGroup;
			children = (
				6332D72A22C1F65E0077EEF7 /* ProductPresenter.swift */,
				6332D72B22C1F65E0077EEF7 /* ProductWorker.swift */,
				6332D72C22C1F65E0077EEF7 /* ProductRouter.swift */,
				6332D72D22C1F65E0077EEF7 /* ProductModels.swift */,
				6332D72E22C1F65E0077EEF7 /* ProductViewController.swift */,
				6332D72F22C1F65E0077EEF7 /* ProductInteractor.swift */,
				631C52E722C3260500854C8E /* ProductCellTableViewCell.swift */,
			);
			path = Product;
			sourceTree = "<group>";
		};
		6332D73622C2168E0077EEF7 /* Base */ = {
			isa = PBXGroup;
			children = (
				6332D73722C216A00077EEF7 /* BaseWorker.swift */,
			);
			path = Base;
			sourceTree = "<group>";
		};
		6338FA7922BC8E4000C1A29C /* Auth */ = {
			isa = PBXGroup;
			children = (
				6338FA7A22BC8E8800C1A29C /* ClientAuth.swift */,
			);
			path = Auth;
			sourceTree = "<group>";
		};
		63421F3922C49E9E0001B95D /* Assets */ = {
			isa = PBXGroup;
			children = (
				63421F3A22C49EA60001B95D /* Images */,
			);
			path = Assets;
			sourceTree = "<group>";
		};
		63421F3A22C49EA60001B95D /* Images */ = {
			isa = PBXGroup;
			children = (
				632152F022C5C444002DCCA2 /* background.jpg */,
				63421F3B22C49EC40001B95D /* noimage.jpg */,
			);
			path = Images;
			sourceTree = "<group>";
		};
		63697B3F22B88C2300BC2523 /* Util */ = {
			isa = PBXGroup;
			children = (
				63697B4022B88C4700BC2523 /* Util.swift */,
			);
			path = Util;
			sourceTree = "<group>";
		};
		7E89ADF0F6BB0A86920BB667 /* Frameworks */ = {
			isa = PBXGroup;
			children = (
				6A5E7AD31306950BADFD1882 /* Pods_OSC.framework */,
			);
			name = Frameworks;
			sourceTree = "<group>";
		};
		969DF6E4BF826BB1EB9681AF /* Pods */ = {
			isa = PBXGroup;
			children = (
				5B0FBC59E879852F01E992EB /* Pods-OSC.debug.xcconfig */,
				29D45D1438DA7A80658E83A7 /* Pods-OSC.release.xcconfig */,
			);
			path = Pods;
			sourceTree = "<group>";
		};
/* End PBXGroup section */

/* Begin PBXNativeTarget section */
		5EABF8FD22700065007FE532 /* OSC */ = {
			isa = PBXNativeTarget;
			buildConfigurationList = 5EABF92622700067007FE532 /* Build configuration list for PBXNativeTarget "OSC" */;
			buildPhases = (
				BD07F880F44DFA144DB5E962 /* [CP] Check Pods Manifest.lock */,
				5EABF8FA22700065007FE532 /* Sources */,
				5EABF8FB22700065007FE532 /* Frameworks */,
				5EABF8FC22700065007FE532 /* Resources */,
				1FD1723A7162AEF0FC824DF8 /* [CP] Embed Pods Frameworks */,
			);
			buildRules = (
			);
			dependencies = (
			);
			name = OSC;
			productName = OSC;
			productReference = 5EABF8FE22700065007FE532 /* OSC.app */;
			productType = "com.apple.product-type.application";
		};
		5EABF91122700067007FE532 /* OSCTests */ = {
			isa = PBXNativeTarget;
			buildConfigurationList = 5EABF92922700067007FE532 /* Build configuration list for PBXNativeTarget "OSCTests" */;
			buildPhases = (
				5EABF90E22700067007FE532 /* Sources */,
				5EABF90F22700067007FE532 /* Frameworks */,
				5EABF91022700067007FE532 /* Resources */,
			);
			buildRules = (
			);
			dependencies = (
				5EABF91422700067007FE532 /* PBXTargetDependency */,
			);
			name = OSCTests;
			productName = OSCTests;
			productReference = 5EABF91222700067007FE532 /* OSCTests.xctest */;
			productType = "com.apple.product-type.bundle.unit-test";
		};
		5EABF91C22700067007FE532 /* OSCUITests */ = {
			isa = PBXNativeTarget;
			buildConfigurationList = 5EABF92C22700067007FE532 /* Build configuration list for PBXNativeTarget "OSCUITests" */;
			buildPhases = (
				5EABF91922700067007FE532 /* Sources */,
				5EABF91A22700067007FE532 /* Frameworks */,
				5EABF91B22700067007FE532 /* Resources */,
			);
			buildRules = (
			);
			dependencies = (
				5EABF91F22700067007FE532 /* PBXTargetDependency */,
			);
			name = OSCUITests;
			productName = OSCUITests;
			productReference = 5EABF91D22700067007FE532 /* OSCUITests.xctest */;
			productType = "com.apple.product-type.bundle.ui-testing";
		};
/* End PBXNativeTarget section */

/* Begin PBXProject section */
		5EABF8F622700065007FE532 /* Project object */ = {
			isa = PBXProject;
			attributes = {
				LastSwiftUpdateCheck = 1020;
				LastUpgradeCheck = 1020;
				ORGANIZATIONNAME = "Dyan Galih";
				TargetAttributes = {
					5EABF8FD22700065007FE532 = {
						CreatedOnToolsVersion = 10.2.1;
					};
					5EABF91122700067007FE532 = {
						CreatedOnToolsVersion = 10.2.1;
						TestTargetID = 5EABF8FD22700065007FE532;
					};
					5EABF91C22700067007FE532 = {
						CreatedOnToolsVersion = 10.2.1;
						TestTargetID = 5EABF8FD22700065007FE532;
					};
				};
			};
			buildConfigurationList = 5EABF8F922700065007FE532 /* Build configuration list for PBXProject "OSC" */;
			compatibilityVersion = "Xcode 9.3";
			developmentRegion = en;
			hasScannedForEncodings = 0;
			knownRegions = (
				en,
				Base,
			);
			mainGroup = 5EABF8F522700065007FE532;
			productRefGroup = 5EABF8FF22700065007FE532 /* Products */;
			projectDirPath = "";
			projectRoot = "";
			targets = (
				5EABF8FD22700065007FE532 /* OSC */,
				5EABF91122700067007FE532 /* OSCTests */,
				5EABF91C22700067007FE532 /* OSCUITests */,
			);
		};
/* End PBXProject section */

/* Begin PBXResourcesBuildPhase section */
		5EABF8FC22700065007FE532 /* Resources */ = {
			isa = PBXResourcesBuildPhase;
			buildActionMask = 2147483647;
			files = (
				63421F3C22C49EC40001B95D /* noimage.jpg in Resources */,
				632152F122C5C444002DCCA2 /* background.jpg in Resources */,
				5EABF90C22700067007FE532 /* LaunchScreen.storyboard in Resources */,
				5EABF90922700067007FE532 /* Assets.xcassets in Resources */,
				5EABF90722700065007FE532 /* Main.storyboard in Resources */,
			);
			runOnlyForDeploymentPostprocessing = 0;
		};
		5EABF91022700067007FE532 /* Resources */ = {
			isa = PBXResourcesBuildPhase;
			buildActionMask = 2147483647;
			files = (
			);
			runOnlyForDeploymentPostprocessing = 0;
		};
		5EABF91B22700067007FE532 /* Resources */ = {
			isa = PBXResourcesBuildPhase;
			buildActionMask = 2147483647;
			files = (
			);
			runOnlyForDeploymentPostprocessing = 0;
		};
/* End PBXResourcesBuildPhase section */

/* Begin PBXShellScriptBuildPhase section */
		1FD1723A7162AEF0FC824DF8 /* [CP] Embed Pods Frameworks */ = {
			isa = PBXShellScriptBuildPhase;
			buildActionMask = 2147483647;
			files = (
			);
			inputFileListPaths = (
				"${PODS_ROOT}/Target Support Files/Pods-OSC/Pods-OSC-frameworks-${CONFIGURATION}-input-files.xcfilelist",
			);
			name = "[CP] Embed Pods Frameworks";
			outputFileListPaths = (
				"${PODS_ROOT}/Target Support Files/Pods-OSC/Pods-OSC-frameworks-${CONFIGURATION}-output-files.xcfilelist",
			);
			runOnlyForDeploymentPostprocessing = 0;
			shellPath = /bin/sh;
			shellScript = "\"${PODS_ROOT}/Target Support Files/Pods-OSC/Pods-OSC-frameworks.sh\"\n";
			showEnvVarsInLog = 0;
		};
		BD07F880F44DFA144DB5E962 /* [CP] Check Pods Manifest.lock */ = {
			isa = PBXShellScriptBuildPhase;
			buildActionMask = 2147483647;
			files = (
			);
			inputFileListPaths = (
			);
			inputPaths = (
				"${PODS_PODFILE_DIR_PATH}/Podfile.lock",
				"${PODS_ROOT}/Manifest.lock",
			);
			name = "[CP] Check Pods Manifest.lock";
			outputFileListPaths = (
			);
			outputPaths = (
				"$(DERIVED_FILE_DIR)/Pods-OSC-checkManifestLockResult.txt",
			);
			runOnlyForDeploymentPostprocessing = 0;
			shellPath = /bin/sh;
			shellScript = "diff \"${PODS_PODFILE_DIR_PATH}/Podfile.lock\" \"${PODS_ROOT}/Manifest.lock\" > /dev/null\nif [ $? != 0 ] ; then\n    # print error to STDERR\n    echo \"error: The sandbox is not in sync with the Podfile.lock. Run 'pod install' or update your CocoaPods installation.\" >&2\n    exit 1\nfi\n# This output is used by Xcode 'outputs' to avoid re-running this script phase.\necho \"SUCCESS\" > \"${SCRIPT_OUTPUT_FILE_0}\"\n";
			showEnvVarsInLog = 0;
		};
/* End PBXShellScriptBuildPhase section */

/* Begin PBXSourcesBuildPhase section */
		5EABF8FA22700065007FE532 /* Sources */ = {
			isa = PBXSourcesBuildPhase;
			buildActionMask = 2147483647;
			files = (
				5EB96C4A228129DC00786655 /* LoginInteractor.swift in Sources */,
				6332D73822C216A00077EEF7 /* BaseWorker.swift in Sources */,
				5E1ECD8E228A62A300327B2F /* ForgotPasswordModels.swift in Sources */,
				5E1ECD8B228A62A300327B2F /* ForgotPasswordPresenter.swift in Sources */,
				632152F322C5F7FB002DCCA2 /* LoginView.swift in Sources */,
				5EB96C56228129F600786655 /* RegisterViewController.swift in Sources */,
				5E7CFA9F22891295000A2C53 /* HomeViewController.swift in Sources */,
				5E7CFAA022891295000A2C53 /* HomeInteractor.swift in Sources */,
				5EB96C54228129F600786655 /* RegisterRouter.swift in Sources */,
				5E7CFA9B22891295000A2C53 /* HomePresenter.swift in Sources */,
				5EB96C45228129DC00786655 /* LoginPresenter.swift in Sources */,
				5EB96C55228129F600786655 /* RegisterModels.swift in Sources */,
				6332D73522C1F65E0077EEF7 /* ProductInteractor.swift in Sources */,
				5EB96C53228129F600786655 /* RegisterWorker.swift in Sources */,
				5EB96C46228129DC00786655 /* LoginWorker.swift in Sources */,
				5E7CFA9D22891295000A2C53 /* HomeRouter.swift in Sources */,
				5EB96C48228129DC00786655 /* LoginModels.swift in Sources */,
				632CD3BE229BBDFD00E9D352 /* CategoryRouter.swift in Sources */,
				5E7CFAAF2289260D000A2C53 /* TabViewController.swift in Sources */,
				632CD3BC229BBDFD00E9D352 /* CategoryPresenter.swift in Sources */,
				632CD3BF229BBDFD00E9D352 /* CategoryModels.swift in Sources */,
				6332D73022C1F65E0077EEF7 /* ProductPresenter.swift in Sources */,
				6332D73322C1F65E0077EEF7 /* ProductModels.swift in Sources */,
				6332D73222C1F65E0077EEF7 /* ProductRouter.swift in Sources */,
				5E7CFA9E22891295000A2C53 /* HomeModels.swift in Sources */,
				5E324207227A8B5900DDBA2F /* Config.swift in Sources */,
				6332D73122C1F65E0077EEF7 /* ProductWorker.swift in Sources */,
				5E7CFAB622893FB8000A2C53 /* osc.xcdatamodeld in Sources */,
				5E1ECD8D228A62A300327B2F /* ForgotPasswordRouter.swift in Sources */,
				5EABF90222700065007FE532 /* AppDelegate.swift in Sources */,
				6332D73422C1F65E0077EEF7 /* ProductViewController.swift in Sources */,
				632CD3BD229BBDFD00E9D352 /* CategoryWorker.swift in Sources */,
				5EB96C52228129F600786655 /* RegisterPresenter.swift in Sources */,
				5E1ECD8C228A62A300327B2F /* ForgotPasswordWorker.swift in Sources */,
				5EB96C49228129DC00786655 /* LoginViewController.swift in Sources */,
				5E1ECD8F228A62A300327B2F /* ForgotPasswordViewController.swift in Sources */,
				5E1ECD90228A62A300327B2F /* ForgotPasswordInteractor.swift in Sources */,
				5EB96C47228129DC00786655 /* LoginRouter.swift in Sources */,
				632CD3C1229BBDFD00E9D352 /* CategoryInteractor.swift in Sources */,
				5E7CFA9C22891295000A2C53 /* HomeWorker.swift in Sources */,
				63697B4122B88C4700BC2523 /* Util.swift in Sources */,
				632CD3C0229BBDFD00E9D352 /* CategoryViewController.swift in Sources */,
				631C52E822C3260500854C8E /* ProductCellTableViewCell.swift in Sources */,
				632152EF22C5BC34002DCCA2 /* UIButtonActivity.swift in Sources */,
				5EB96C57228129F600786655 /* RegisterInteractor.swift in Sources */,
				6338FA7B22BC8E8800C1A29C /* ClientAuth.swift in Sources */,
			);
			runOnlyForDeploymentPostprocessing = 0;
		};
		5EABF90E22700067007FE532 /* Sources */ = {
			isa = PBXSourcesBuildPhase;
			buildActionMask = 2147483647;
			files = (
				5EABF91722700067007FE532 /* OSCTests.swift in Sources */,
			);
			runOnlyForDeploymentPostprocessing = 0;
		};
		5EABF91922700067007FE532 /* Sources */ = {
			isa = PBXSourcesBuildPhase;
			buildActionMask = 2147483647;
			files = (
				5EABF92222700067007FE532 /* OSCUITests.swift in Sources */,
			);
			runOnlyForDeploymentPostprocessing = 0;
		};
/* End PBXSourcesBuildPhase section */

/* Begin PBXTargetDependency section */
		5EABF91422700067007FE532 /* PBXTargetDependency */ = {
			isa = PBXTargetDependency;
			target = 5EABF8FD22700065007FE532 /* OSC */;
			targetProxy = 5EABF91322700067007FE532 /* PBXContainerItemProxy */;
		};
		5EABF91F22700067007FE532 /* PBXTargetDependency */ = {
			isa = PBXTargetDependency;
			target = 5EABF8FD22700065007FE532 /* OSC */;
			targetProxy = 5EABF91E22700067007FE532 /* PBXContainerItemProxy */;
		};
/* End PBXTargetDependency section */

/* Begin PBXVariantGroup section */
		5EABF90522700065007FE532 /* Main.storyboard */ = {
			isa = PBXVariantGroup;
			children = (
				5EABF90622700065007FE532 /* Base */,
			);
			name = Main.storyboard;
			sourceTree = "<group>";
		};
		5EABF90A22700067007FE532 /* LaunchScreen.storyboard */ = {
			isa = PBXVariantGroup;
			children = (
				5EABF90B22700067007FE532 /* Base */,
			);
			name = LaunchScreen.storyboard;
			sourceTree = "<group>";
		};
/* End PBXVariantGroup section */

/* Begin XCBuildConfiguration section */
		5EABF92422700067007FE532 /* Debug */ = {
			isa = XCBuildConfiguration;
			buildSettings = {
				ALWAYS_SEARCH_USER_PATHS = NO;
				CLANG_ANALYZER_NONNULL = YES;
				CLANG_ANALYZER_NUMBER_OBJECT_CONVERSION = YES_AGGRESSIVE;
				CLANG_CXX_LANGUAGE_STANDARD = "gnu++14";
				CLANG_CXX_LIBRARY = "libc++";
				CLANG_ENABLE_MODULES = YES;
				CLANG_ENABLE_OBJC_ARC = YES;
				CLANG_ENABLE_OBJC_WEAK = YES;
				CLANG_WARN_BLOCK_CAPTURE_AUTORELEASING = YES;
				CLANG_WARN_BOOL_CONVERSION = YES;
				CLANG_WARN_COMMA = YES;
				CLANG_WARN_CONSTANT_CONVERSION = YES;
				CLANG_WARN_DEPRECATED_OBJC_IMPLEMENTATIONS = YES;
				CLANG_WARN_DIRECT_OBJC_ISA_USAGE = YES_ERROR;
				CLANG_WARN_DOCUMENTATION_COMMENTS = YES;
				CLANG_WARN_EMPTY_BODY = YES;
				CLANG_WARN_ENUM_CONVERSION = YES;
				CLANG_WARN_INFINITE_RECURSION = YES;
				CLANG_WARN_INT_CONVERSION = YES;
				CLANG_WARN_NON_LITERAL_NULL_CONVERSION = YES;
				CLANG_WARN_OBJC_IMPLICIT_RETAIN_SELF = YES;
				CLANG_WARN_OBJC_LITERAL_CONVERSION = YES;
				CLANG_WARN_OBJC_ROOT_CLASS = YES_ERROR;
				CLANG_WARN_RANGE_LOOP_ANALYSIS = YES;
				CLANG_WARN_STRICT_PROTOTYPES = YES;
				CLANG_WARN_SUSPICIOUS_MOVE = YES;
				CLANG_WARN_UNGUARDED_AVAILABILITY = YES_AGGRESSIVE;
				CLANG_WARN_UNREACHABLE_CODE = YES;
				CLANG_WARN__DUPLICATE_METHOD_MATCH = YES;
				CODE_SIGN_IDENTITY = "iPhone Developer";
				COPY_PHASE_STRIP = NO;
				DEBUG_INFORMATION_FORMAT = dwarf;
				ENABLE_STRICT_OBJC_MSGSEND = YES;
				ENABLE_TESTABILITY = YES;
				GCC_C_LANGUAGE_STANDARD = gnu11;
				GCC_DYNAMIC_NO_PIC = NO;
				GCC_NO_COMMON_BLOCKS = YES;
				GCC_OPTIMIZATION_LEVEL = 0;
				GCC_PREPROCESSOR_DEFINITIONS = (
					"DEBUG=1",
					"$(inherited)",
				);
				GCC_WARN_64_TO_32_BIT_CONVERSION = YES;
				GCC_WARN_ABOUT_RETURN_TYPE = YES_ERROR;
				GCC_WARN_UNDECLARED_SELECTOR = YES;
				GCC_WARN_UNINITIALIZED_AUTOS = YES_AGGRESSIVE;
				GCC_WARN_UNUSED_FUNCTION = YES;
				GCC_WARN_UNUSED_VARIABLE = YES;
				IPHONEOS_DEPLOYMENT_TARGET = 12.2;
				MTL_ENABLE_DEBUG_INFO = INCLUDE_SOURCE;
				MTL_FAST_MATH = YES;
				ONLY_ACTIVE_ARCH = YES;
				SDKROOT = iphoneos;
				SWIFT_ACTIVE_COMPILATION_CONDITIONS = DEBUG;
				SWIFT_OPTIMIZATION_LEVEL = "-Onone";
			};
			name = Debug;
		};
		5EABF92522700067007FE532 /* Release */ = {
			isa = XCBuildConfiguration;
			buildSettings = {
				ALWAYS_SEARCH_USER_PATHS = NO;
				CLANG_ANALYZER_NONNULL = YES;
				CLANG_ANALYZER_NUMBER_OBJECT_CONVERSION = YES_AGGRESSIVE;
				CLANG_CXX_LANGUAGE_STANDARD = "gnu++14";
				CLANG_CXX_LIBRARY = "libc++";
				CLANG_ENABLE_MODULES = YES;
				CLANG_ENABLE_OBJC_ARC = YES;
				CLANG_ENABLE_OBJC_WEAK = YES;
				CLANG_WARN_BLOCK_CAPTURE_AUTORELEASING = YES;
				CLANG_WARN_BOOL_CONVERSION = YES;
				CLANG_WARN_COMMA = YES;
				CLANG_WARN_CONSTANT_CONVERSION = YES;
				CLANG_WARN_DEPRECATED_OBJC_IMPLEMENTATIONS = YES;
				CLANG_WARN_DIRECT_OBJC_ISA_USAGE = YES_ERROR;
				CLANG_WARN_DOCUMENTATION_COMMENTS = YES;
				CLANG_WARN_EMPTY_BODY = YES;
				CLANG_WARN_ENUM_CONVERSION = YES;
				CLANG_WARN_INFINITE_RECURSION = YES;
				CLANG_WARN_INT_CONVERSION = YES;
				CLANG_WARN_NON_LITERAL_NULL_CONVERSION = YES;
				CLANG_WARN_OBJC_IMPLICIT_RETAIN_SELF = YES;
				CLANG_WARN_OBJC_LITERAL_CONVERSION = YES;
				CLANG_WARN_OBJC_ROOT_CLASS = YES_ERROR;
				CLANG_WARN_RANGE_LOOP_ANALYSIS = YES;
				CLANG_WARN_STRICT_PROTOTYPES = YES;
				CLANG_WARN_SUSPICIOUS_MOVE = YES;
				CLANG_WARN_UNGUARDED_AVAILABILITY = YES_AGGRESSIVE;
				CLANG_WARN_UNREACHABLE_CODE = YES;
				CLANG_WARN__DUPLICATE_METHOD_MATCH = YES;
				CODE_SIGN_IDENTITY = "iPhone Developer";
				COPY_PHASE_STRIP = NO;
				DEBUG_INFORMATION_FORMAT = "dwarf-with-dsym";
				ENABLE_NS_ASSERTIONS = NO;
				ENABLE_STRICT_OBJC_MSGSEND = YES;
				GCC_C_LANGUAGE_STANDARD = gnu11;
				GCC_NO_COMMON_BLOCKS = YES;
				GCC_WARN_64_TO_32_BIT_CONVERSION = YES;
				GCC_WARN_ABOUT_RETURN_TYPE = YES_ERROR;
				GCC_WARN_UNDECLARED_SELECTOR = YES;
				GCC_WARN_UNINITIALIZED_AUTOS = YES_AGGRESSIVE;
				GCC_WARN_UNUSED_FUNCTION = YES;
				GCC_WARN_UNUSED_VARIABLE = YES;
				IPHONEOS_DEPLOYMENT_TARGET = 12.2;
				MTL_ENABLE_DEBUG_INFO = NO;
				MTL_FAST_MATH = YES;
				SDKROOT = iphoneos;
				SWIFT_COMPILATION_MODE = wholemodule;
				SWIFT_OPTIMIZATION_LEVEL = "-O";
				VALIDATE_PRODUCT = YES;
			};
			name = Release;
		};
		5EABF92722700067007FE532 /* Debug */ = {
			isa = XCBuildConfiguration;
			baseConfigurationReference = 5B0FBC59E879852F01E992EB /* Pods-OSC.debug.xcconfig */;
			buildSettings = {
				ASSETCATALOG_COMPILER_APPICON_NAME = AppIcon;
				CODE_SIGN_STYLE = Automatic;
				DEVELOPMENT_TEAM = 97N657WJ94;
				INFOPLIST_FILE = OSC/Info.plist;
				IPHONEOS_DEPLOYMENT_TARGET = 10.3;
				LD_RUNPATH_SEARCH_PATHS = (
					"$(inherited)",
					"@executable_path/Frameworks",
				);
				PRODUCT_BUNDLE_IDENTIFIER = com.webappid.OSC;
				PRODUCT_NAME = "$(TARGET_NAME)";
				SWIFT_VERSION = 5.0;
				TARGETED_DEVICE_FAMILY = 1;
			};
			name = Debug;
		};
		5EABF92822700067007FE532 /* Release */ = {
			isa = XCBuildConfiguration;
			baseConfigurationReference = 29D45D1438DA7A80658E83A7 /* Pods-OSC.release.xcconfig */;
			buildSettings = {
				ASSETCATALOG_COMPILER_APPICON_NAME = AppIcon;
				CODE_SIGN_STYLE = Automatic;
				DEVELOPMENT_TEAM = 97N657WJ94;
				INFOPLIST_FILE = OSC/Info.plist;
				IPHONEOS_DEPLOYMENT_TARGET = 10.3;
				LD_RUNPATH_SEARCH_PATHS = (
					"$(inherited)",
					"@executable_path/Frameworks",
				);
				PRODUCT_BUNDLE_IDENTIFIER = com.webappid.OSC;
				PRODUCT_NAME = "$(TARGET_NAME)";
				SWIFT_VERSION = 5.0;
				TARGETED_DEVICE_FAMILY = 1;
			};
			name = Release;
		};
		5EABF92A22700067007FE532 /* Debug */ = {
			isa = XCBuildConfiguration;
			buildSettings = {
				ALWAYS_EMBED_SWIFT_STANDARD_LIBRARIES = YES;
				BUNDLE_LOADER = "$(TEST_HOST)";
				CODE_SIGN_STYLE = Automatic;
				DEVELOPMENT_TEAM = 97N657WJ94;
				INFOPLIST_FILE = OSCTests/Info.plist;
				IPHONEOS_DEPLOYMENT_TARGET = 10.3;
				LD_RUNPATH_SEARCH_PATHS = (
					"$(inherited)",
					"@executable_path/Frameworks",
					"@loader_path/Frameworks",
				);
				"LIBRARY_SEARCH_PATHS[arch=*]" = /usr/lib/swift;
				PRODUCT_BUNDLE_IDENTIFIER = com.webappid.OSCTests;
				PRODUCT_NAME = "$(TARGET_NAME)";
				SWIFT_VERSION = 5.0;
				TARGETED_DEVICE_FAMILY = "1,2";
				TEST_HOST = "$(BUILT_PRODUCTS_DIR)/OSC.app/OSC";
			};
			name = Debug;
		};
		5EABF92B22700067007FE532 /* Release */ = {
			isa = XCBuildConfiguration;
			buildSettings = {
				ALWAYS_EMBED_SWIFT_STANDARD_LIBRARIES = YES;
				BUNDLE_LOADER = "$(TEST_HOST)";
				CODE_SIGN_STYLE = Automatic;
				DEVELOPMENT_TEAM = 97N657WJ94;
				INFOPLIST_FILE = OSCTests/Info.plist;
				IPHONEOS_DEPLOYMENT_TARGET = 10.3;
				LD_RUNPATH_SEARCH_PATHS = (
					"$(inherited)",
					"@executable_path/Frameworks",
					"@loader_path/Frameworks",
				);
				"LIBRARY_SEARCH_PATHS[arch=*]" = /usr/lib/swift;
				PRODUCT_BUNDLE_IDENTIFIER = com.webappid.OSCTests;
				PRODUCT_NAME = "$(TARGET_NAME)";
				SWIFT_VERSION = 5.0;
				TARGETED_DEVICE_FAMILY = "1,2";
				TEST_HOST = "$(BUILT_PRODUCTS_DIR)/OSC.app/OSC";
			};
			name = Release;
		};
		5EABF92D22700067007FE532 /* Debug */ = {
			isa = XCBuildConfiguration;
			buildSettings = {
				ALWAYS_EMBED_SWIFT_STANDARD_LIBRARIES = YES;
				CODE_SIGN_STYLE = Automatic;
				DEVELOPMENT_TEAM = 97N657WJ94;
				INFOPLIST_FILE = OSCUITests/Info.plist;
				IPHONEOS_DEPLOYMENT_TARGET = 10.3;
				LD_RUNPATH_SEARCH_PATHS = (
					"$(inherited)",
					"@executable_path/Frameworks",
					"@loader_path/Frameworks",
					/usr/lib/swift,
				);
				PRODUCT_BUNDLE_IDENTIFIER = com.webappid.OSCUITests;
				PRODUCT_NAME = "$(TARGET_NAME)";
				SWIFT_VERSION = 5.0;
				TARGETED_DEVICE_FAMILY = "1,2";
				TEST_TARGET_NAME = OSC;
			};
			name = Debug;
		};
		5EABF92E22700067007FE532 /* Release */ = {
			isa = XCBuildConfiguration;
			buildSettings = {
				ALWAYS_EMBED_SWIFT_STANDARD_LIBRARIES = YES;
				CODE_SIGN_STYLE = Automatic;
				DEVELOPMENT_TEAM = 97N657WJ94;
				INFOPLIST_FILE = OSCUITests/Info.plist;
				IPHONEOS_DEPLOYMENT_TARGET = 10.3;
				LD_RUNPATH_SEARCH_PATHS = (
					"$(inherited)",
					"@executable_path/Frameworks",
					"@loader_path/Frameworks",
					/usr/lib/swift,
				);
				PRODUCT_BUNDLE_IDENTIFIER = com.webappid.OSCUITests;
				PRODUCT_NAME = "$(TARGET_NAME)";
				SWIFT_VERSION = 5.0;
				TARGETED_DEVICE_FAMILY = "1,2";
				TEST_TARGET_NAME = OSC;
			};
			name = Release;
		};
/* End XCBuildConfiguration section */

/* Begin XCConfigurationList section */
		5EABF8F922700065007FE532 /* Build configuration list for PBXProject "OSC" */ = {
			isa = XCConfigurationList;
			buildConfigurations = (
				5EABF92422700067007FE532 /* Debug */,
				5EABF92522700067007FE532 /* Release */,
			);
			defaultConfigurationIsVisible = 0;
			defaultConfigurationName = Release;
		};
		5EABF92622700067007FE532 /* Build configuration list for PBXNativeTarget "OSC" */ = {
			isa = XCConfigurationList;
			buildConfigurations = (
				5EABF92722700067007FE532 /* Debug */,
				5EABF92822700067007FE532 /* Release */,
			);
			defaultConfigurationIsVisible = 0;
			defaultConfigurationName = Release;
		};
		5EABF92922700067007FE532 /* Build configuration list for PBXNativeTarget "OSCTests" */ = {
			isa = XCConfigurationList;
			buildConfigurations = (
				5EABF92A22700067007FE532 /* Debug */,
				5EABF92B22700067007FE532 /* Release */,
			);
			defaultConfigurationIsVisible = 0;
			defaultConfigurationName = Release;
		};
		5EABF92C22700067007FE532 /* Build configuration list for PBXNativeTarget "OSCUITests" */ = {
			isa = XCConfigurationList;
			buildConfigurations = (
				5EABF92D22700067007FE532 /* Debug */,
				5EABF92E22700067007FE532 /* Release */,
			);
			defaultConfigurationIsVisible = 0;
			defaultConfigurationName = Release;
		};
/* End XCConfigurationList section */

/* Begin XCVersionGroup section */
		5E7CFAB422893FB8000A2C53 /* osc.xcdatamodeld */ = {
			isa = XCVersionGroup;
			children = (
				5E7CFAB522893FB8000A2C53 /* osc.xcdatamodel */,
			);
			currentVersion = 5E7CFAB522893FB8000A2C53 /* osc.xcdatamodel */;
			path = osc.xcdatamodeld;
			sourceTree = "<group>";
			versionGroupType = wrapper.xcdatamodel;
		};
/* End XCVersionGroup section */
	};
	rootObject = 5EABF8F622700065007FE532 /* Project object */;
}
